// !$*UTF8*$!
{
	archiveVersion = 1;
	classes = {
	};
	objectVersion = 46;
	objects = {

/* Begin PBXBuildFile section */
		6C3B0FD61B86AAAB0050F500 /* main.m in Sources */ = {isa = PBXBuildFile; fileRef = 6C3B0FD51B86AAAB0050F500 /* main.m */; };
		6C3B0FD91B86AAAB0050F500 /* AppDelegate.m in Sources */ = {isa = PBXBuildFile; fileRef = 6C3B0FD81B86AAAB0050F500 /* AppDelegate.m */; };
		6C3B0FDC1B86AAAB0050F500 /* CM_DoblesPuntos.xcdatamodeld in Sources */ = {isa = PBXBuildFile; fileRef = 6C3B0FDA1B86AAAB0050F500 /* CM_DoblesPuntos.xcdatamodeld */; };
		6C3B0FDF1B86AAAB0050F500 /* ViewController.m in Sources */ = {isa = PBXBuildFile; fileRef = 6C3B0FDE1B86AAAB0050F500 /* ViewController.m */; };
		6C3B0FE21B86AAAB0050F500 /* Main.storyboard in Resources */ = {isa = PBXBuildFile; fileRef = 6C3B0FE01B86AAAB0050F500 /* Main.storyboard */; };
		6C3B0FE41B86AAAB0050F500 /* Images.xcassets in Resources */ = {isa = PBXBuildFile; fileRef = 6C3B0FE31B86AAAB0050F500 /* Images.xcassets */; };
		6C3B0FE71B86AAAB0050F500 /* LaunchScreen.xib in Resources */ = {isa = PBXBuildFile; fileRef = 6C3B0FE51B86AAAB0050F500 /* LaunchScreen.xib */; };
		6C3B0FF31B86AAAB0050F500 /* CM_DoblesPuntosTests.m in Sources */ = {isa = PBXBuildFile; fileRef = 6C3B0FF21B86AAAB0050F500 /* CM_DoblesPuntosTests.m */; };
/* End PBXBuildFile section */

/* Begin PBXContainerItemProxy section */
		6C3B0FED1B86AAAB0050F500 /* PBXContainerItemProxy */ = {
			isa = PBXContainerItemProxy;
			containerPortal = 6C3B0FC81B86AAAB0050F500 /* Project object */;
			proxyType = 1;
			remoteGlobalIDString = 6C3B0FCF1B86AAAB0050F500;
			remoteInfo = "CM-DoblesPuntos";
		};
/* End PBXContainerItemProxy section */

/* Begin PBXFileReference section */
		6C3B0FD01B86AAAB0050F500 /* CM-DoblesPuntos.app */ = {isa = PBXFileReference; explicitFileType = wrapper.application; includeInIndex = 0; path = "CM-DoblesPuntos.app"; sourceTree = BUILT_PRODUCTS_DIR; };
		6C3B0FD41B86AAAB0050F500 /* Info.plist */ = {isa = PBXFileReference; lastKnownFileType = text.plist.xml; path = Info.plist; sourceTree = "<group>"; };
		6C3B0FD51B86AAAB0050F500 /* main.m */ = {isa = PBXFileReference; lastKnownFileType = sourcecode.c.objc; path = main.m; sourceTree = "<group>"; };
		6C3B0FD71B86AAAB0050F500 /* AppDelegate.h */ = {isa = PBXFileReference; lastKnownFileType = sourcecode.c.h; path = AppDelegate.h; sourceTree = "<group>"; };
		6C3B0FD81B86AAAB0050F500 /* AppDelegate.m */ = {isa = PBXFileReference; lastKnownFileType = sourcecode.c.objc; path = AppDelegate.m; sourceTree = "<group>"; };
		6C3B0FDB1B86AAAB0050F500 /* CM_DoblesPuntos.xcdatamodel */ = {isa = PBXFileReference; lastKnownFileType = wrapper.xcdatamodel; path = CM_DoblesPuntos.xcdatamodel; sourceTree = "<group>"; };
		6C3B0FDD1B86AAAB0050F500 /* ViewController.h */ = {isa = PBXFileReference; lastKnownFileType = sourcecode.c.h; path = ViewController.h; sourceTree = "<group>"; };
		6C3B0FDE1B86AAAB0050F500 /* ViewController.m */ = {isa = PBXFileReference; lastKnownFileType = sourcecode.c.objc; path = ViewController.m; sourceTree = "<group>"; };
		6C3B0FE11B86AAAB0050F500 /* Base */ = {isa = PBXFileReference; lastKnownFileType = file.storyboard; name = Base; path = Base.lproj/Main.storyboard; sourceTree = "<group>"; };
		6C3B0FE31B86AAAB0050F500 /* Images.xcassets */ = {isa = PBXFileReference; lastKnownFileType = folder.assetcatalog; path = Images.xcassets; sourceTree = "<group>"; };
		6C3B0FE61B86AAAB0050F500 /* Base */ = {isa = PBXFileReference; lastKnownFileType = file.xib; name = Base; path = Base.lproj/LaunchScreen.xib; sourceTree = "<group>"; };
		6C3B0FEC1B86AAAB0050F500 /* CM-DoblesPuntosTests.xctest */ = {isa = PBXFileReference; explicitFileType = wrapper.cfbundle; includeInIndex = 0; path = "CM-DoblesPuntosTests.xctest"; sourceTree = BUILT_PRODUCTS_DIR; };
		6C3B0FF11B86AAAB0050F500 /* Info.plist */ = {isa = PBXFileReference; lastKnownFileType = text.plist.xml; path = Info.plist; sourceTree = "<group>"; };
		6C3B0FF21B86AAAB0050F500 /* CM_DoblesPuntosTests.m */ = {isa = PBXFileReference; lastKnownFileType = sourcecode.c.objc; path = CM_DoblesPuntosTests.m; sourceTree = "<group>"; };
/* End PBXFileReference section */

/* Begin PBXFrameworksBuildPhase section */
		6C3B0FCD1B86AAAB0050F500 /* Frameworks */ = {
			isa = PBXFrameworksBuildPhase;
			buildActionMask = 2147483647;
			files = (
			);
			runOnlyForDeploymentPostprocessing = 0;
		};
		6C3B0FE91B86AAAB0050F500 /* Frameworks */ = {
			isa = PBXFrameworksBuildPhase;
			buildActionMask = 2147483647;
			files = (
			);
			runOnlyForDeploymentPostprocessing = 0;
		};
/* End PBXFrameworksBuildPhase section */

/* Begin PBXGroup section */
		6C3B0FC71B86AAAB0050F500 = {
			isa = PBXGroup;
			children = (
				6C3B0FD21B86AAAB0050F500 /* CM-DoblesPuntos */,
				6C3B0FEF1B86AAAB0050F500 /* CM-DoblesPuntosTests */,
				6C3B0FD11B86AAAB0050F500 /* Products */,
			);
			sourceTree = "<group>";
		};
		6C3B0FD11B86AAAB0050F500 /* Products */ = {
			isa = PBXGroup;
			children = (
				6C3B0FD01B86AAAB0050F500 /* CM-DoblesPuntos.app */,
				6C3B0FEC1B86AAAB0050F500 /* CM-DoblesPuntosTests.xctest */,
			);
			name = Products;
			sourceTree = "<group>";
		};
		6C3B0FD21B86AAAB0050F500 /* CM-DoblesPuntos */ = {
			isa = PBXGroup;
			children = (
				6C3B0FD71B86AAAB0050F500 /* AppDelegate.h */,
				6C3B0FD81B86AAAB0050F500 /* AppDelegate.m */,
				6C3B0FDD1B86AAAB0050F500 /* ViewController.h */,
				6C3B0FDE1B86AAAB0050F500 /* ViewController.m */,
				6C3B0FE01B86AAAB0050F500 /* Main.storyboard */,
				6C3B0FE31B86AAAB0050F500 /* Images.xcassets */,
				6C3B0FE51B86AAAB0050F500 /* LaunchScreen.xib */,
				6C3B0FDA1B86AAAB0050F500 /* CM_DoblesPuntos.xcdatamodeld */,
				6C3B0FD31B86AAAB0050F500 /* Supporting Files */,
			);
			path = "CM-DoblesPuntos";
			sourceTree = "<group>";
		};
		6C3B0FD31B86AAAB0050F500 /* Supporting Files */ = {
			isa = PBXGroup;
			children = (
				6C3B0FD41B86AAAB0050F500 /* Info.plist */,
				6C3B0FD51B86AAAB0050F500 /* main.m */,
			);
			name = "Supporting Files";
			sourceTree = "<group>";
		};
		6C3B0FEF1B86AAAB0050F500 /* CM-DoblesPuntosTests */ = {
			isa = PBXGroup;
			children = (
				6C3B0FF21B86AAAB0050F500 /* CM_DoblesPuntosTests.m */,
				6C3B0FF01B86AAAB0050F500 /* Supporting Files */,
			);
			path = "CM-DoblesPuntosTests";
			sourceTree = "<group>";
		};
		6C3B0FF01B86AAAB0050F500 /* Supporting Files */ = {
			isa = PBXGroup;
			children = (
				6C3B0FF11B86AAAB0050F500 /* Info.plist */,
			);
			name = "Supporting Files";
			sourceTree = "<group>";
		};
/* End PBXGroup section */

/* Begin PBXNativeTarget section */
		6C3B0FCF1B86AAAB0050F500 /* CM-DoblesPuntos */ = {
			isa = PBXNativeTarget;
			buildConfigurationList = 6C3B0FF61B86AAAB0050F500 /* Build configuration list for PBXNativeTarget "CM-DoblesPuntos" */;
			buildPhases = (
				6C3B0FCC1B86AAAB0050F500 /* Sources */,
				6C3B0FCD1B86AAAB0050F500 /* Frameworks */,
				6C3B0FCE1B86AAAB0050F500 /* Resources */,
			);
			buildRules = (
			);
			dependencies = (
			);
			name = "CM-DoblesPuntos";
			productName = "CM-DoblesPuntos";
			productReference = 6C3B0FD01B86AAAB0050F500 /* CM-DoblesPuntos.app */;
			productType = "com.apple.product-type.application";
		};
		6C3B0FEB1B86AAAB0050F500 /* CM-DoblesPuntosTests */ = {
			isa = PBXNativeTarget;
			buildConfigurationList = 6C3B0FF91B86AAAB0050F500 /* Build configuration list for PBXNativeTarget "CM-DoblesPuntosTests" */;
			buildPhases = (
				6C3B0FE81B86AAAB0050F500 /* Sources */,
				6C3B0FE91B86AAAB0050F500 /* Frameworks */,
				6C3B0FEA1B86AAAB0050F500 /* Resources */,
			);
			buildRules = (
			);
			dependencies = (
				6C3B0FEE1B86AAAB0050F500 /* PBXTargetDependency */,
			);
			name = "CM-DoblesPuntosTests";
			productName = "CM-DoblesPuntosTests";
			productReference = 6C3B0FEC1B86AAAB0050F500 /* CM-DoblesPuntosTests.xctest */;
			productType = "com.apple.product-type.bundle.unit-test";
		};
/* End PBXNativeTarget section */

/* Begin PBXProject section */
		6C3B0FC81B86AAAB0050F500 /* Project object */ = {
			isa = PBXProject;
			attributes = {
				LastUpgradeCheck = 0640;
				ORGANIZATIONNAME = CM;
				TargetAttributes = {
					6C3B0FCF1B86AAAB0050F500 = {
						CreatedOnToolsVersion = 6.4;
					};
					6C3B0FEB1B86AAAB0050F500 = {
						CreatedOnToolsVersion = 6.4;
						TestTargetID = 6C3B0FCF1B86AAAB0050F500;
					};
				};
			};
			buildConfigurationList = 6C3B0FCB1B86AAAB0050F500 /* Build configuration list for PBXProject "CM-DoblesPuntos" */;
			compatibilityVersion = "Xcode 3.2";
			developmentRegion = English;
			hasScannedForEncodings = 0;
			knownRegions = (
				en,
				Base,
			);
			mainGroup = 6C3B0FC71B86AAAB0050F500;
			productRefGroup = 6C3B0FD11B86AAAB0050F500 /* Products */;
			projectDirPath = "";
			projectRoot = "";
			targets = (
				6C3B0FCF1B86AAAB0050F500 /* CM-DoblesPuntos */,
				6C3B0FEB1B86AAAB0050F500 /* CM-DoblesPuntosTests */,
			);
		};
/* End PBXProject section */

/* Begin PBXResourcesBuildPhase section */
		6C3B0FCE1B86AAAB0050F500 /* Resources */ = {
			isa = PBXResourcesBuildPhase;
			buildActionMask = 2147483647;
			files = (
				6C3B0FE21B86AAAB0050F500 /* Main.storyboard in Resources */,
				6C3B0FE71B86AAAB0050F500 /* LaunchScreen.xib in Resources */,
				6C3B0FE41B86AAAB0050F500 /* Images.xcassets in Resources */,
			);
			runOnlyForDeploymentPostprocessing = 0;
		};
		6C3B0FEA1B86AAAB0050F500 /* Resources */ = {
			isa = PBXResourcesBuildPhase;
			buildActionMask = 2147483647;
			files = (
			);
			runOnlyForDeploymentPostprocessing = 0;
		};
/* End PBXResourcesBuildPhase section */

/* Begin PBXSourcesBuildPhase section */
		6C3B0FCC1B86AAAB0050F500 /* Sources */ = {
			isa = PBXSourcesBuildPhase;
			buildActionMask = 2147483647;
			files = (
				6C3B0FDC1B86AAAB0050F500 /* CM_DoblesPuntos.xcdatamodeld in Sources */,
				6C3B0FD91B86AAAB0050F500 /* AppDelegate.m in Sources */,
				6C3B0FDF1B86AAAB0050F500 /* ViewController.m in Sources */,
				6C3B0FD61B86AAAB0050F500 /* main.m in Sources */,
			);
			runOnlyForDeploymentPostprocessing = 0;
		};
		6C3B0FE81B86AAAB0050F500 /* Sources */ = {
			isa = PBXSourcesBuildPhase;
			buildActionMask = 2147483647;
			files = (
				6C3B0FF31B86AAAB0050F500 /* CM_DoblesPuntosTests.m in Sources */,
			);
			runOnlyForDeploymentPostprocessing = 0;
		};
/* End PBXSourcesBuildPhase section */

/* Begin PBXTargetDependency section */
		6C3B0FEE1B86AAAB0050F500 /* PBXTargetDependency */ = {
			isa = PBXTargetDependency;
			target = 6C3B0FCF1B86AAAB0050F500 /* CM-DoblesPuntos */;
			targetProxy = 6C3B0FED1B86AAAB0050F500 /* PBXContainerItemProxy */;
		};
/* End PBXTargetDependency section */

/* Begin PBXVariantGroup section */
		6C3B0FE01B86AAAB0050F500 /* Main.storyboard */ = {
			isa = PBXVariantGroup;
			children = (
				6C3B0FE11B86AAAB0050F500 /* Base */,
			);
			name = Main.storyboard;
			sourceTree = "<group>";
		};
		6C3B0FE51B86AAAB0050F500 /* LaunchScreen.xib */ = {
			isa = PBXVariantGroup;
			children = (
				6C3B0FE61B86AAAB0050F500 /* Base */,
			);
			name = LaunchScreen.xib;
			sourceTree = "<group>";
		};
/* End PBXVariantGroup section */

/* Begin XCBuildConfiguration section */
		6C3B0FF41B86AAAB0050F500 /* Debug */ = {
			isa = XCBuildConfiguration;
			buildSettings = {
				ALWAYS_SEARCH_USER_PATHS = NO;
				CLANG_CXX_LANGUAGE_STANDARD = "gnu++0x";
				CLANG_CXX_LIBRARY = "libc++";
				CLANG_ENABLE_MODULES = YES;
				CLANG_ENABLE_OBJC_ARC = YES;
				CLANG_WARN_BOOL_CONVERSION = YES;
				CLANG_WARN_CONSTANT_CONVERSION = YES;
				CLANG_WARN_DIRECT_OBJC_ISA_USAGE = YES_ERROR;
				CLANG_WARN_EMPTY_BODY = YES;
				CLANG_WARN_ENUM_CONVERSION = YES;
				CLANG_WARN_INT_CONVERSION = YES;
				CLANG_WARN_OBJC_ROOT_CLASS = YES_ERROR;
				CLANG_WARN_UNREACHABLE_CODE = YES;
				CLANG_WARN__DUPLICATE_METHOD_MATCH = YES;
				"CODE_SIGN_IDENTITY[sdk=iphoneos*]" = "iPhone Developer";
				COPY_PHASE_STRIP = NO;
				DEBUG_INFORMATION_FORMAT = "dwarf-with-dsym";
				ENABLE_STRICT_OBJC_MSGSEND = YES;
				GCC_C_LANGUAGE_STANDARD = gnu99;
				GCC_DYNAMIC_NO_PIC = NO;
				GCC_NO_COMMON_BLOCKS = YES;
				GCC_OPTIMIZATION_LEVEL = 0;
				GCC_PREPROCESSOR_DEFINITIONS = (
					"DEBUG=1",
					"$(inherited)",
				);
				GCC_SYMBOLS_PRIVATE_EXTERN = NO;
				GCC_WARN_64_TO_32_BIT_CONVERSION = YES;
				GCC_WARN_ABOUT_RETURN_TYPE = YES_ERROR;
				GCC_WARN_UNDECLARED_SELECTOR = YES;
				GCC_WARN_UNINITIALIZED_AUTOS = YES_AGGRESSIVE;
				GCC_WARN_UNUSED_FUNCTION = YES;
				GCC_WARN_UNUSED_VARIABLE = YES;
				IPHONEOS_DEPLOYMENT_TARGET = 8.4;
				MTL_ENABLE_DEBUG_INFO = YES;
				ONLY_ACTIVE_ARCH = YES;
				SDKROOT = iphoneos;
			};
			name = Debug;
		};
		6C3B0FF51B86AAAB0050F500 /* Release */ = {
			isa = XCBuildConfiguration;
			buildSettings = {
				ALWAYS_SEARCH_USER_PATHS = NO;
				CLANG_CXX_LANGUAGE_STANDARD = "gnu++0x";
				CLANG_CXX_LIBRARY = "libc++";
				CLANG_ENABLE_MODULES = YES;
				CLANG_ENABLE_OBJC_ARC = YES;
				CLANG_WARN_BOOL_CONVERSION = YES;
				CLANG_WARN_CONSTANT_CONVERSION = YES;
				CLANG_WARN_DIRECT_OBJC_ISA_USAGE = YES_ERROR;
				CLANG_WARN_EMPTY_BODY = YES;
				CLANG_WARN_ENUM_CONVERSION = YES;
				CLANG_WARN_INT_CONVERSION = YES;
				CLANG_WARN_OBJC_ROOT_CLASS = YES_ERROR;
				CLANG_WARN_UNREACHABLE_CODE = YES;
				CLANG_WARN__DUPLICATE_METHOD_MATCH = YES;
				"CODE_SIGN_IDENTITY[sdk=iphoneos*]" = "iPhone Developer";
				COPY_PHASE_STRIP = NO;
				DEBUG_INFORMATION_FORMAT = "dwarf-with-dsym";
				ENABLE_NS_ASSERTIONS = NO;
				ENABLE_STRICT_OBJC_MSGSEND = YES;
				GCC_C_LANGUAGE_STANDARD = gnu99;
				GCC_NO_COMMON_BLOCKS = YES;
				GCC_WARN_64_TO_32_BIT_CONVERSION = YES;
				GCC_WARN_ABOUT_RETURN_TYPE = YES_ERROR;
				GCC_WARN_UNDECLARED_SELECTOR = YES;
				GCC_WARN_UNINITIALIZED_AUTOS = YES_AGGRESSIVE;
				GCC_WARN_UNUSED_FUNCTION = YES;
				GCC_WARN_UNUSED_VARIABLE = YES;
				IPHONEOS_DEPLOYMENT_TARGET = 8.4;
				MTL_ENABLE_DEBUG_INFO = NO;
				SDKROOT = iphoneos;
				VALIDATE_PRODUCT = YES;
			};
			name = Release;
		};
		6C3B0FF71B86AAAB0050F500 /* Debug */ = {
			isa = XCBuildConfiguration;
			buildSettings = {
				ASSETCATALOG_COMPILER_APPICON_NAME = AppIcon;
				INFOPLIST_FILE = "CM-DoblesPuntos/Info.plist";
				LD_RUNPATH_SEARCH_PATHS = "$(inherited) @executable_path/Frameworks";
				PRODUCT_NAME = "$(TARGET_NAME)";
			};
			name = Debug;
		};
		6C3B0FF81B86AAAB0050F500 /* Release */ = {
			isa = XCBuildConfiguration;
			buildSettings = {
				ASSETCATALOG_COMPILER_APPICON_NAME = AppIcon;
				INFOPLIST_FILE = "CM-DoblesPuntos/Info.plist";
				LD_RUNPATH_SEARCH_PATHS = "$(inherited) @executable_path/Frameworks";
				PRODUCT_NAME = "$(TARGET_NAME)";
			};
			name = Release;
		};
		6C3B0FFA1B86AAAB0050F500 /* Debug */ = {
			isa = XCBuildConfiguration;
			buildSettings = {
				BUNDLE_LOADER = "$(TEST_HOST)";
				FRAMEWORK_SEARCH_PATHS = (
					"$(SDKROOT)/Developer/Library/Frameworks",
					"$(inherited)",
				);
				GCC_PREPROCESSOR_DEFINITIONS = (
					"DEBUG=1",
					"$(inherited)",
				);
				INFOPLIST_FILE = "CM-DoblesPuntosTests/Info.plist";
				LD_RUNPATH_SEARCH_PATHS = "$(inherited) @executable_path/Frameworks @loader_path/Frameworks";
				PRODUCT_NAME = "$(TARGET_NAME)";
				TEST_HOST = "$(BUILT_PRODUCTS_DIR)/CM-DoblesPuntos.app/CM-DoblesPuntos";
			};
			name = Debug;
		};
		6C3B0FFB1B86AAAB0050F500 /* Release */ = {
			isa = XCBuildConfiguration;
			buildSettings = {
				BUNDLE_LOADER = "$(TEST_HOST)";
				FRAMEWORK_SEARCH_PATHS = (
					"$(SDKROOT)/Developer/Library/Frameworks",
					"$(inherited)",
				);
				INFOPLIST_FILE = "CM-DoblesPuntosTests/Info.plist";
				LD_RUNPATH_SEARCH_PATHS = "$(inherited) @executable_path/Frameworks @loader_path/Frameworks";
				PRODUCT_NAME = "$(TARGET_NAME)";
				TEST_HOST = "$(BUILT_PRODUCTS_DIR)/CM-DoblesPuntos.app/CM-DoblesPuntos";
			};
			name = Release;
		};
/* End XCBuildConfiguration section */

/* Begin XCConfigurationList section */
		6C3B0FCB1B86AAAB0050F500 /* Build configuration list for PBXProject "CM-DoblesPuntos" */ = {
			isa = XCConfigurationList;
			buildConfigurations = (
				6C3B0FF41B86AAAB0050F500 /* Debug */,
				6C3B0FF51B86AAAB0050F500 /* Release */,
			);
			defaultConfigurationIsVisible = 0;
			defaultConfigurationName = Release;
		};
		6C3B0FF61B86AAAB0050F500 /* Build configuration list for PBXNativeTarget "CM-DoblesPuntos" */ = {
			isa = XCConfigurationList;
			buildConfigurations = (
				6C3B0FF71B86AAAB0050F500 /* Debug */,
				6C3B0FF81B86AAAB0050F500 /* Release */,
			);
			defaultConfigurationIsVisible = 0;
		};
		6C3B0FF91B86AAAB0050F500 /* Build configuration list for PBXNativeTarget "CM-DoblesPuntosTests" */ = {
			isa = XCConfigurationList;
			buildConfigurations = (
				6C3B0FFA1B86AAAB0050F500 /* Debug */,
				6C3B0FFB1B86AAAB0050F500 /* Release */,
			);
			defaultConfigurationIsVisible = 0;
		};
/* End XCConfigurationList section */

/* Begin XCVersionGroup section */
		6C3B0FDA1B86AAAB0050F500 /* CM_DoblesPuntos.xcdatamodeld */ = {
			isa = XCVersionGroup;
			children = (
				6C3B0FDB1B86AAAB0050F500 /* CM_DoblesPuntos.xcdatamodel */,
			);
			currentVersion = 6C3B0FDB1B86AAAB0050F500 /* CM_DoblesPuntos.xcdatamodel */;
			path = CM_DoblesPuntos.xcdatamodeld;
			sourceTree = "<group>";
			versionGroupType = wrapper.xcdatamodel;
		};
/* End XCVersionGroup section */
	};
	rootObject = 6C3B0FC81B86AAAB0050F500 /* Project object */;
}
